
Microsoft Visual Studio Solution File, Format Version 12.00
# Visual Studio Version 17
VisualStudioVersion = 17.2.32526.322
MinimumVisualStudioVersion = 10.0.40219.1
Project("{9A19103F-16F7-4668-BE54-9A1E7A4F7556}") = "SumApp", "SumApp\SumApp.csproj", "{107F3605-351E-4766-939D-A69A364A660F}"
EndProject
Project("{FAE04EC0-301F-11D3-BF4B-00C04F79EFBC}") = "SumApp.UnitTests", "SumApp.UnitTests\SumApp.UnitTests.csproj", "{9BA5A615-2EA5-4DD8-BCF9-D836604E8B61}"
EndProject
Global
	GlobalSection(SolutionConfigurationPlatforms) = preSolution
		Debug|Any CPU = Debug|Any CPU
		Release|Any CPU = Release|Any CPU
	EndGlobalSection
	GlobalSection(ProjectConfigurationPlatforms) = postSolution
		{107F3605-351E-4766-939D-A69A364A660F}.Debug|Any CPU.ActiveCfg = Debug|Any CPU
		{107F3605-351E-4766-939D-A69A364A660F}.Debug|Any CPU.Build.0 = Debug|Any CPU
		{107F3605-351E-4766-939D-A69A364A660F}.Release|Any CPU.ActiveCfg = Release|Any CPU
		{107F3605-351E-4766-939D-A69A364A660F}.Release|Any CPU.Build.0 = Release|Any CPU
		{9BA5A615-2EA5-4DD8-BCF9-D836604E8B61}.Debug|Any CPU.ActiveCfg = Debug|Any CPU
		{9BA5A615-2EA5-4DD8-BCF9-D836604E8B61}.Debug|Any CPU.Build.0 = Debug|Any CPU
		{9BA5A615-2EA5-4DD8-BCF9-D836604E8B61}.Release|Any CPU.ActiveCfg = Release|Any CPU
		{9BA5A615-2EA5-4DD8-BCF9-D836604E8B61}.Release|Any CPU.Build.0 = Release|Any CPU
	EndGlobalSection
	GlobalSection(SolutionProperties) = preSolution
		HideSolutionNode = FALSE
	EndGlobalSection
	GlobalSection(ExtensibilityGlobals) = postSolution
		SolutionGuid = {781FDACD-E71A-4CBA-8517-9836053ED2FE}
	EndGlobalSection
EndGlobal
