
Microsoft Visual Studio Solution File, Format Version 12.00
# Visual Studio Version 17
VisualStudioVersion = 17.4.33205.214
MinimumVisualStudioVersion = 10.0.40219.1
Project("{9A19103F-16F7-4668-BE54-9A1E7A4F7556}") = "Collections", "Collections\Collections.csproj", "{BF08F0BA-EABE-46F8-8378-7EFBBAD8F853}"
EndProject
Global
	GlobalSection(SolutionConfigurationPlatforms) = preSolution
		Debug|Any CPU = Debug|Any CPU
		Release|Any CPU = Release|Any CPU
	EndGlobalSection
	GlobalSection(ProjectConfigurationPlatforms) = postSolution
		{BF08F0BA-EABE-46F8-8378-7EFBBAD8F853}.Debug|Any CPU.ActiveCfg = Debug|Any CPU
		{BF08F0BA-EABE-46F8-8378-7EFBBAD8F853}.Debug|Any CPU.Build.0 = Debug|Any CPU
		{BF08F0BA-EABE-46F8-8378-7EFBBAD8F853}.Release|Any CPU.ActiveCfg = Release|Any CPU
		{BF08F0BA-EABE-46F8-8378-7EFBBAD8F853}.Release|Any CPU.Build.0 = Release|Any CPU
	EndGlobalSection
	GlobalSection(SolutionProperties) = preSolution
		HideSolutionNode = FALSE
	EndGlobalSection
	GlobalSection(ExtensibilityGlobals) = postSolution
		SolutionGuid = {F868DA1D-3B91-4DD4-B1B0-BC69ABDD07EC}
	EndGlobalSection
EndGlobal
